// !$*UTF8*$!
{
	archiveVersion = 1;
	classes = {
	};
	objectVersion = 50;
	objects = {

/* Begin PBXBuildFile section */
		AEBEDB1122F9A7EA000D7FE3 /* AppDelegate.swift in Sources */ = {isa = PBXBuildFile; fileRef = AEBEDB1022F9A7EA000D7FE3 /* AppDelegate.swift */; };
		AEBEDB1622F9A7EA000D7FE3 /* Main.storyboard in Resources */ = {isa = PBXBuildFile; fileRef = AEBEDB1422F9A7EA000D7FE3 /* Main.storyboard */; };
		AEBEDB1822F9A7F1000D7FE3 /* Assets.xcassets in Resources */ = {isa = PBXBuildFile; fileRef = AEBEDB1722F9A7F1000D7FE3 /* Assets.xcassets */; };
		AEBEDB1B22F9A7F1000D7FE3 /* LaunchScreen.storyboard in Resources */ = {isa = PBXBuildFile; fileRef = AEBEDB1922F9A7F1000D7FE3 /* LaunchScreen.storyboard */; };
		AEC8DF1722FC37E4002D059B /* FeedViewController.swift in Sources */ = {isa = PBXBuildFile; fileRef = AEC8DF1622FC37E4002D059B /* FeedViewController.swift */; };
		AEC8DF1B22FC43F8002D059B /* PhotoViewController.swift in Sources */ = {isa = PBXBuildFile; fileRef = AEC8DF1A22FC43F8002D059B /* PhotoViewController.swift */; };
		AEFECA4422FD8C240000989D /* FeedHeaderCell.swift in Sources */ = {isa = PBXBuildFile; fileRef = AEFECA4322FD8C240000989D /* FeedHeaderCell.swift */; };
		AEFECA4622FD93910000989D /* FeedCategoriesCell.swift in Sources */ = {isa = PBXBuildFile; fileRef = AEFECA4522FD93910000989D /* FeedCategoriesCell.swift */; };
		AEFECA4822FD95E60000989D /* FeedHeaderView.swift in Sources */ = {isa = PBXBuildFile; fileRef = AEFECA4722FD95E60000989D /* FeedHeaderView.swift */; };
		AEFECA4A22FD96380000989D /* FeedHeaderView.xib in Resources */ = {isa = PBXBuildFile; fileRef = AEFECA4922FD96380000989D /* FeedHeaderView.xib */; };
		AEFECA4C22FD9ADF0000989D /* CategoryCell.swift in Sources */ = {isa = PBXBuildFile; fileRef = AEFECA4B22FD9ADF0000989D /* CategoryCell.swift */; };
/* End PBXBuildFile section */

/* Begin PBXFileReference section */
		AEBEDB0D22F9A7EA000D7FE3 /* IOSSummerProject.app */ = {isa = PBXFileReference; explicitFileType = wrapper.application; includeInIndex = 0; path = IOSSummerProject.app; sourceTree = BUILT_PRODUCTS_DIR; };
		AEBEDB1022F9A7EA000D7FE3 /* AppDelegate.swift */ = {isa = PBXFileReference; lastKnownFileType = sourcecode.swift; path = AppDelegate.swift; sourceTree = "<group>"; };
		AEBEDB1522F9A7EA000D7FE3 /* Base */ = {isa = PBXFileReference; lastKnownFileType = file.storyboard; name = Base; path = Base.lproj/Main.storyboard; sourceTree = "<group>"; };
		AEBEDB1722F9A7F1000D7FE3 /* Assets.xcassets */ = {isa = PBXFileReference; lastKnownFileType = folder.assetcatalog; path = Assets.xcassets; sourceTree = "<group>"; };
		AEBEDB1A22F9A7F1000D7FE3 /* Base */ = {isa = PBXFileReference; lastKnownFileType = file.storyboard; name = Base; path = Base.lproj/LaunchScreen.storyboard; sourceTree = "<group>"; };
		AEBEDB1C22F9A7F1000D7FE3 /* Info.plist */ = {isa = PBXFileReference; lastKnownFileType = text.plist.xml; path = Info.plist; sourceTree = "<group>"; };
		AEC8DF1622FC37E4002D059B /* FeedViewController.swift */ = {isa = PBXFileReference; lastKnownFileType = sourcecode.swift; path = FeedViewController.swift; sourceTree = "<group>"; };
		AEC8DF1A22FC43F8002D059B /* PhotoViewController.swift */ = {isa = PBXFileReference; lastKnownFileType = sourcecode.swift; path = PhotoViewController.swift; sourceTree = "<group>"; };
		AEFECA4322FD8C240000989D /* FeedHeaderCell.swift */ = {isa = PBXFileReference; lastKnownFileType = sourcecode.swift; path = FeedHeaderCell.swift; sourceTree = "<group>"; };
		AEFECA4522FD93910000989D /* FeedCategoriesCell.swift */ = {isa = PBXFileReference; lastKnownFileType = sourcecode.swift; path = FeedCategoriesCell.swift; sourceTree = "<group>"; };
		AEFECA4722FD95E60000989D /* FeedHeaderView.swift */ = {isa = PBXFileReference; lastKnownFileType = sourcecode.swift; path = FeedHeaderView.swift; sourceTree = "<group>"; };
		AEFECA4922FD96380000989D /* FeedHeaderView.xib */ = {isa = PBXFileReference; lastKnownFileType = file.xib; path = FeedHeaderView.xib; sourceTree = "<group>"; };
		AEFECA4B22FD9ADF0000989D /* CategoryCell.swift */ = {isa = PBXFileReference; lastKnownFileType = sourcecode.swift; path = CategoryCell.swift; sourceTree = "<group>"; };
/* End PBXFileReference section */

/* Begin PBXFrameworksBuildPhase section */
		AEBEDB0A22F9A7EA000D7FE3 /* Frameworks */ = {
			isa = PBXFrameworksBuildPhase;
			buildActionMask = 2147483647;
			files = (
			);
			runOnlyForDeploymentPostprocessing = 0;
		};
/* End PBXFrameworksBuildPhase section */

/* Begin PBXGroup section */
		AEBEDB0422F9A7EA000D7FE3 = {
			isa = PBXGroup;
			children = (
				AEBEDB0F22F9A7EA000D7FE3 /* IOSSummerProject */,
				AEBEDB0E22F9A7EA000D7FE3 /* Products */,
			);
			sourceTree = "<group>";
		};
		AEBEDB0E22F9A7EA000D7FE3 /* Products */ = {
			isa = PBXGroup;
			children = (
				AEBEDB0D22F9A7EA000D7FE3 /* IOSSummerProject.app */,
			);
			name = Products;
			sourceTree = "<group>";
		};
		AEBEDB0F22F9A7EA000D7FE3 /* IOSSummerProject */ = {
			isa = PBXGroup;
			children = (
				AEC8DF1522FC3704002D059B /* Screens */,
				AEC8DF1422FC36F5002D059B /* Resources */,
				AEC8DF1322FC36C0002D059B /* Application */,
			);
			path = IOSSummerProject;
			sourceTree = "<group>";
		};
		AEC8DF1322FC36C0002D059B /* Application */ = {
			isa = PBXGroup;
			children = (
				AEBEDB1022F9A7EA000D7FE3 /* AppDelegate.swift */,
				AEBEDB1C22F9A7F1000D7FE3 /* Info.plist */,
				AEBEDB1922F9A7F1000D7FE3 /* LaunchScreen.storyboard */,
			);
			path = Application;
			sourceTree = "<group>";
		};
		AEC8DF1422FC36F5002D059B /* Resources */ = {
			isa = PBXGroup;
			children = (
				AEBEDB1722F9A7F1000D7FE3 /* Assets.xcassets */,
			);
			path = Resources;
			sourceTree = "<group>";
		};
		AEC8DF1522FC3704002D059B /* Screens */ = {
			isa = PBXGroup;
			children = (
				AEFECA4122FD8B9F0000989D /* FeedViewContriller */,
				AEBEDB1422F9A7EA000D7FE3 /* Main.storyboard */,
				AEC8DF1A22FC43F8002D059B /* PhotoViewController.swift */,
			);
			path = Screens;
			sourceTree = "<group>";
		};
		AEFECA4122FD8B9F0000989D /* FeedViewContriller */ = {
			isa = PBXGroup;
			children = (
				AEFECA4222FD8BE70000989D /* Cells */,
				AEC8DF1622FC37E4002D059B /* FeedViewController.swift */,
			);
			path = FeedViewContriller;
			sourceTree = "<group>";
		};
		AEFECA4222FD8BE70000989D /* Cells */ = {
			isa = PBXGroup;
			children = (
				AEFECA4322FD8C240000989D /* FeedHeaderCell.swift */,
				AEFECA4522FD93910000989D /* FeedCategoriesCell.swift */,
				AEFECA4722FD95E60000989D /* FeedHeaderView.swift */,
				AEFECA4922FD96380000989D /* FeedHeaderView.xib */,
				AEFECA4B22FD9ADF0000989D /* CategoryCell.swift */,
			);
			path = Cells;
			sourceTree = "<group>";
		};
/* End PBXGroup section */

/* Begin PBXNativeTarget section */
		AEBEDB0C22F9A7EA000D7FE3 /* IOSSummerProject */ = {
			isa = PBXNativeTarget;
			buildConfigurationList = AEBEDB1F22F9A7F1000D7FE3 /* Build configuration list for PBXNativeTarget "IOSSummerProject" */;
			buildPhases = (
				AEBEDB0922F9A7EA000D7FE3 /* Sources */,
				AEBEDB0A22F9A7EA000D7FE3 /* Frameworks */,
				AEBEDB0B22F9A7EA000D7FE3 /* Resources */,
			);
			buildRules = (
			);
			dependencies = (
			);
			name = IOSSummerProject;
			productName = IOSSummerProject;
			productReference = AEBEDB0D22F9A7EA000D7FE3 /* IOSSummerProject.app */;
			productType = "com.apple.product-type.application";
		};
/* End PBXNativeTarget section */

/* Begin PBXProject section */
		AEBEDB0522F9A7EA000D7FE3 /* Project object */ = {
			isa = PBXProject;
			attributes = {
				LastSwiftUpdateCheck = 0940;
				LastUpgradeCheck = 0940;
				ORGANIZATIONNAME = VSU;
				TargetAttributes = {
					AEBEDB0C22F9A7EA000D7FE3 = {
						CreatedOnToolsVersion = 9.4.1;
					};
				};
			};
			buildConfigurationList = AEBEDB0822F9A7EA000D7FE3 /* Build configuration list for PBXProject "IOSSummerProject" */;
			compatibilityVersion = "Xcode 9.3";
			developmentRegion = en;
			hasScannedForEncodings = 0;
			knownRegions = (
				en,
				Base,
			);
			mainGroup = AEBEDB0422F9A7EA000D7FE3;
			productRefGroup = AEBEDB0E22F9A7EA000D7FE3 /* Products */;
			projectDirPath = "";
			projectRoot = "";
			targets = (
				AEBEDB0C22F9A7EA000D7FE3 /* IOSSummerProject */,
			);
		};
/* End PBXProject section */

/* Begin PBXResourcesBuildPhase section */
		AEBEDB0B22F9A7EA000D7FE3 /* Resources */ = {
			isa = PBXResourcesBuildPhase;
			buildActionMask = 2147483647;
			files = (
				AEBEDB1B22F9A7F1000D7FE3 /* LaunchScreen.storyboard in Resources */,
				AEBEDB1822F9A7F1000D7FE3 /* Assets.xcassets in Resources */,
				AEBEDB1622F9A7EA000D7FE3 /* Main.storyboard in Resources */,
				AEFECA4A22FD96380000989D /* FeedHeaderView.xib in Resources */,
			);
			runOnlyForDeploymentPostprocessing = 0;
		};
/* End PBXResourcesBuildPhase section */

/* Begin PBXSourcesBuildPhase section */
		AEBEDB0922F9A7EA000D7FE3 /* Sources */ = {
			isa = PBXSourcesBuildPhase;
			buildActionMask = 2147483647;
			files = (
				AEFECA4622FD93910000989D /* FeedCategoriesCell.swift in Sources */,
				AEFECA4822FD95E60000989D /* FeedHeaderView.swift in Sources */,
				AEFECA4422FD8C240000989D /* FeedHeaderCell.swift in Sources */,
				AEFECA4C22FD9ADF0000989D /* CategoryCell.swift in Sources */,
				AEC8DF1722FC37E4002D059B /* FeedViewController.swift in Sources */,
				AEC8DF1B22FC43F8002D059B /* PhotoViewController.swift in Sources */,
				AEBEDB1122F9A7EA000D7FE3 /* AppDelegate.swift in Sources */,
			);
			runOnlyForDeploymentPostprocessing = 0;
		};
/* End PBXSourcesBuildPhase section */

/* Begin PBXVariantGroup section */
		AEBEDB1422F9A7EA000D7FE3 /* Main.storyboard */ = {
			isa = PBXVariantGroup;
			children = (
				AEBEDB1522F9A7EA000D7FE3 /* Base */,
			);
			name = Main.storyboard;
			sourceTree = "<group>";
		};
		AEBEDB1922F9A7F1000D7FE3 /* LaunchScreen.storyboard */ = {
			isa = PBXVariantGroup;
			children = (
				AEBEDB1A22F9A7F1000D7FE3 /* Base */,
			);
			name = LaunchScreen.storyboard;
			sourceTree = "<group>";
		};
/* End PBXVariantGroup section */

/* Begin XCBuildConfiguration section */
		AEBEDB1D22F9A7F1000D7FE3 /* Debug */ = {
			isa = XCBuildConfiguration;
			buildSettings = {
				ALWAYS_SEARCH_USER_PATHS = NO;
				CLANG_ANALYZER_NONNULL = YES;
				CLANG_ANALYZER_NUMBER_OBJECT_CONVERSION = YES_AGGRESSIVE;
				CLANG_CXX_LANGUAGE_STANDARD = "gnu++14";
				CLANG_CXX_LIBRARY = "libc++";
				CLANG_ENABLE_MODULES = YES;
				CLANG_ENABLE_OBJC_ARC = YES;
				CLANG_ENABLE_OBJC_WEAK = YES;
				CLANG_WARN_BLOCK_CAPTURE_AUTORELEASING = YES;
				CLANG_WARN_BOOL_CONVERSION = YES;
				CLANG_WARN_COMMA = YES;
				CLANG_WARN_CONSTANT_CONVERSION = YES;
				CLANG_WARN_DEPRECATED_OBJC_IMPLEMENTATIONS = YES;
				CLANG_WARN_DIRECT_OBJC_ISA_USAGE = YES_ERROR;
				CLANG_WARN_DOCUMENTATION_COMMENTS = YES;
				CLANG_WARN_EMPTY_BODY = YES;
				CLANG_WARN_ENUM_CONVERSION = YES;
				CLANG_WARN_INFINITE_RECURSION = YES;
				CLANG_WARN_INT_CONVERSION = YES;
				CLANG_WARN_NON_LITERAL_NULL_CONVERSION = YES;
				CLANG_WARN_OBJC_IMPLICIT_RETAIN_SELF = YES;
				CLANG_WARN_OBJC_LITERAL_CONVERSION = YES;
				CLANG_WARN_OBJC_ROOT_CLASS = YES_ERROR;
				CLANG_WARN_RANGE_LOOP_ANALYSIS = YES;
				CLANG_WARN_STRICT_PROTOTYPES = YES;
				CLANG_WARN_SUSPICIOUS_MOVE = YES;
				CLANG_WARN_UNGUARDED_AVAILABILITY = YES_AGGRESSIVE;
				CLANG_WARN_UNREACHABLE_CODE = YES;
				CLANG_WARN__DUPLICATE_METHOD_MATCH = YES;
				CODE_SIGN_IDENTITY = "iPhone Developer";
				COPY_PHASE_STRIP = NO;
				DEBUG_INFORMATION_FORMAT = dwarf;
				ENABLE_STRICT_OBJC_MSGSEND = YES;
				ENABLE_TESTABILITY = YES;
				GCC_C_LANGUAGE_STANDARD = gnu11;
				GCC_DYNAMIC_NO_PIC = NO;
				GCC_NO_COMMON_BLOCKS = YES;
				GCC_OPTIMIZATION_LEVEL = 0;
				GCC_PREPROCESSOR_DEFINITIONS = (
					"DEBUG=1",
					"$(inherited)",
				);
				GCC_WARN_64_TO_32_BIT_CONVERSION = YES;
				GCC_WARN_ABOUT_RETURN_TYPE = YES_ERROR;
				GCC_WARN_UNDECLARED_SELECTOR = YES;
				GCC_WARN_UNINITIALIZED_AUTOS = YES_AGGRESSIVE;
				GCC_WARN_UNUSED_FUNCTION = YES;
				GCC_WARN_UNUSED_VARIABLE = YES;
				IPHONEOS_DEPLOYMENT_TARGET = 11.4;
				MTL_ENABLE_DEBUG_INFO = YES;
				ONLY_ACTIVE_ARCH = YES;
				SDKROOT = iphoneos;
				SWIFT_ACTIVE_COMPILATION_CONDITIONS = DEBUG;
				SWIFT_OPTIMIZATION_LEVEL = "-Onone";
			};
			name = Debug;
		};
		AEBEDB1E22F9A7F1000D7FE3 /* Release */ = {
			isa = XCBuildConfiguration;
			buildSettings = {
				ALWAYS_SEARCH_USER_PATHS = NO;
				CLANG_ANALYZER_NONNULL = YES;
				CLANG_ANALYZER_NUMBER_OBJECT_CONVERSION = YES_AGGRESSIVE;
				CLANG_CXX_LANGUAGE_STANDARD = "gnu++14";
				CLANG_CXX_LIBRARY = "libc++";
				CLANG_ENABLE_MODULES = YES;
				CLANG_ENABLE_OBJC_ARC = YES;
				CLANG_ENABLE_OBJC_WEAK = YES;
				CLANG_WARN_BLOCK_CAPTURE_AUTORELEASING = YES;
				CLANG_WARN_BOOL_CONVERSION = YES;
				CLANG_WARN_COMMA = YES;
				CLANG_WARN_CONSTANT_CONVERSION = YES;
				CLANG_WARN_DEPRECATED_OBJC_IMPLEMENTATIONS = YES;
				CLANG_WARN_DIRECT_OBJC_ISA_USAGE = YES_ERROR;
				CLANG_WARN_DOCUMENTATION_COMMENTS = YES;
				CLANG_WARN_EMPTY_BODY = YES;
				CLANG_WARN_ENUM_CONVERSION = YES;
				CLANG_WARN_INFINITE_RECURSION = YES;
				CLANG_WARN_INT_CONVERSION = YES;
				CLANG_WARN_NON_LITERAL_NULL_CONVERSION = YES;
				CLANG_WARN_OBJC_IMPLICIT_RETAIN_SELF = YES;
				CLANG_WARN_OBJC_LITERAL_CONVERSION = YES;
				CLANG_WARN_OBJC_ROOT_CLASS = YES_ERROR;
				CLANG_WARN_RANGE_LOOP_ANALYSIS = YES;
				CLANG_WARN_STRICT_PROTOTYPES = YES;
				CLANG_WARN_SUSPICIOUS_MOVE = YES;
				CLANG_WARN_UNGUARDED_AVAILABILITY = YES_AGGRESSIVE;
				CLANG_WARN_UNREACHABLE_CODE = YES;
				CLANG_WARN__DUPLICATE_METHOD_MATCH = YES;
				CODE_SIGN_IDENTITY = "iPhone Developer";
				COPY_PHASE_STRIP = NO;
				DEBUG_INFORMATION_FORMAT = "dwarf-with-dsym";
				ENABLE_NS_ASSERTIONS = NO;
				ENABLE_STRICT_OBJC_MSGSEND = YES;
				GCC_C_LANGUAGE_STANDARD = gnu11;
				GCC_NO_COMMON_BLOCKS = YES;
				GCC_WARN_64_TO_32_BIT_CONVERSION = YES;
				GCC_WARN_ABOUT_RETURN_TYPE = YES_ERROR;
				GCC_WARN_UNDECLARED_SELECTOR = YES;
				GCC_WARN_UNINITIALIZED_AUTOS = YES_AGGRESSIVE;
				GCC_WARN_UNUSED_FUNCTION = YES;
				GCC_WARN_UNUSED_VARIABLE = YES;
				IPHONEOS_DEPLOYMENT_TARGET = 11.4;
				MTL_ENABLE_DEBUG_INFO = NO;
				SDKROOT = iphoneos;
				SWIFT_COMPILATION_MODE = wholemodule;
				SWIFT_OPTIMIZATION_LEVEL = "-O";
				VALIDATE_PRODUCT = YES;
			};
			name = Release;
		};
		AEBEDB2022F9A7F1000D7FE3 /* Debug */ = {
			isa = XCBuildConfiguration;
			buildSettings = {
				ASSETCATALOG_COMPILER_APPICON_NAME = AppIcon;
				CODE_SIGN_STYLE = Automatic;
				INFOPLIST_FILE = "$(SRCROOT)/IOSSummerProject/Application/Info.plist";
				LD_RUNPATH_SEARCH_PATHS = (
					"$(inherited)",
					"@executable_path/Frameworks",
				);
				PRODUCT_BUNDLE_IDENTIFIER = com.vsu.IOSSummerProject;
				PRODUCT_NAME = "$(TARGET_NAME)";
				SWIFT_VERSION = 4.0;
				TARGETED_DEVICE_FAMILY = 1;
			};
			name = Debug;
		};
		AEBEDB2122F9A7F1000D7FE3 /* Release */ = {
			isa = XCBuildConfiguration;
			buildSettings = {
				ASSETCATALOG_COMPILER_APPICON_NAME = AppIcon;
				CODE_SIGN_STYLE = Automatic;
				INFOPLIST_FILE = "$(SRCROOT)/IOSSummerProject/Application/Info.plist";
				LD_RUNPATH_SEARCH_PATHS = (
					"$(inherited)",
					"@executable_path/Frameworks",
				);
				PRODUCT_BUNDLE_IDENTIFIER = com.vsu.IOSSummerProject;
				PRODUCT_NAME = "$(TARGET_NAME)";
				SWIFT_VERSION = 4.0;
				TARGETED_DEVICE_FAMILY = 1;
			};
			name = Release;
		};
/* End XCBuildConfiguration section */

/* Begin XCConfigurationList section */
		AEBEDB0822F9A7EA000D7FE3 /* Build configuration list for PBXProject "IOSSummerProject" */ = {
			isa = XCConfigurationList;
			buildConfigurations = (
				AEBEDB1D22F9A7F1000D7FE3 /* Debug */,
				AEBEDB1E22F9A7F1000D7FE3 /* Release */,
			);
			defaultConfigurationIsVisible = 0;
			defaultConfigurationName = Release;
		};
		AEBEDB1F22F9A7F1000D7FE3 /* Build configuration list for PBXNativeTarget "IOSSummerProject" */ = {
			isa = XCConfigurationList;
			buildConfigurations = (
				AEBEDB2022F9A7F1000D7FE3 /* Debug */,
				AEBEDB2122F9A7F1000D7FE3 /* Release */,
			);
			defaultConfigurationIsVisible = 0;
			defaultConfigurationName = Release;
		};
/* End XCConfigurationList section */
	};
	rootObject = AEBEDB0522F9A7EA000D7FE3 /* Project object */;
}
